
Microsoft Visual Studio Solution File, Format Version 12.00
# Visual Studio 14
VisualStudioVersion = 14.0.25420.1
MinimumVisualStudioVersion = 10.0.40219.1
Project("{FAE04EC0-301F-11D3-BF4B-00C04F79EFBC}") = "JQ.OneStop.AdminManage", "JQ.OneStop.AdminManage\JQ.OneStop.AdminManage.csproj", "{9F276F7A-F9D1-4697-9E26-19E13C86802A}"
EndProject
Project("{FAE04EC0-301F-11D3-BF4B-00C04F79EFBC}") = "JQ.Infrastructure", "JQ.Infrastructure\JQ.Infrastructure.csproj", "{A0669AF7-7B5C-4319-9122-CCCF9EBDBD9C}"
EndProject
Global
	GlobalSection(SolutionConfigurationPlatforms) = preSolution
		Debug|Any CPU = Debug|Any CPU
		Release|Any CPU = Release|Any CPU
	EndGlobalSection
	GlobalSection(ProjectConfigurationPlatforms) = postSolution
		{9F276F7A-F9D1-4697-9E26-19E13C86802A}.Debug|Any CPU.ActiveCfg = Debug|Any CPU
		{9F276F7A-F9D1-4697-9E26-19E13C86802A}.Debug|Any CPU.Build.0 = Debug|Any CPU
		{9F276F7A-F9D1-4697-9E26-19E13C86802A}.Release|Any CPU.ActiveCfg = Release|Any CPU
		{9F276F7A-F9D1-4697-9E26-19E13C86802A}.Release|Any CPU.Build.0 = Release|Any CPU
		{A0669AF7-7B5C-4319-9122-CCCF9EBDBD9C}.Debug|Any CPU.ActiveCfg = Debug|Any CPU
		{A0669AF7-7B5C-4319-9122-CCCF9EBDBD9C}.Debug|Any CPU.Build.0 = Debug|Any CPU
		{A0669AF7-7B5C-4319-9122-CCCF9EBDBD9C}.Release|Any CPU.ActiveCfg = Release|Any CPU
		{A0669AF7-7B5C-4319-9122-CCCF9EBDBD9C}.Release|Any CPU.Build.0 = Release|Any CPU
	EndGlobalSection
	GlobalSection(SolutionProperties) = preSolution
		HideSolutionNode = FALSE
	EndGlobalSection
EndGlobal
